
Microsoft Visual Studio Solution File, Format Version 12.00
# Visual Studio Version 16
VisualStudioVersion = 16.0.31410.357
MinimumVisualStudioVersion = 10.0.40219.1
Project("{FAE04EC0-301F-11D3-BF4B-00C04F79EFBC}") = "UndressUtil", "UndressUtil.csproj", "{09C4AFB0-39B9-4BB9-A1D2-53C034157375}"
EndProject
Project("{2150E333-8FDC-42A3-9474-1A3956D46DE8}") = "Solution Items", "Solution Items", "{6FA2BEC3-942A-4E90-AD82-B0E73B2D8197}"
	ProjectSection(SolutionItems) = preProject
		README.md = README.md
	EndProjectSection
EndProject
Global
	GlobalSection(SolutionConfigurationPlatforms) = preSolution
		Debug|Any CPU = Debug|Any CPU
		en_jp-2.0|Any CPU = en_jp-2.0|Any CPU
		jp-3.0|Any CPU = jp-3.0|Any CPU
		Release|Any CPU = Release|Any CPU
	EndGlobalSection
	GlobalSection(ProjectConfigurationPlatforms) = postSolution
		{09C4AFB0-39B9-4BB9-A1D2-53C034157375}.Debug|Any CPU.ActiveCfg = Debug|Any CPU
		{09C4AFB0-39B9-4BB9-A1D2-53C034157375}.Debug|Any CPU.Build.0 = Debug|Any CPU
		{09C4AFB0-39B9-4BB9-A1D2-53C034157375}.en_jp-2.0|Any CPU.ActiveCfg = en_jp-2.0|Any CPU
		{09C4AFB0-39B9-4BB9-A1D2-53C034157375}.en_jp-2.0|Any CPU.Build.0 = en_jp-2.0|Any CPU
		{09C4AFB0-39B9-4BB9-A1D2-53C034157375}.jp-3.0|Any CPU.ActiveCfg = jp-3.0|Any CPU
		{09C4AFB0-39B9-4BB9-A1D2-53C034157375}.jp-3.0|Any CPU.Build.0 = jp-3.0|Any CPU
		{09C4AFB0-39B9-4BB9-A1D2-53C034157375}.Release|Any CPU.ActiveCfg = Release|Any CPU
		{09C4AFB0-39B9-4BB9-A1D2-53C034157375}.Release|Any CPU.Build.0 = Release|Any CPU
	EndGlobalSection
	GlobalSection(SolutionProperties) = preSolution
		HideSolutionNode = FALSE
	EndGlobalSection
	GlobalSection(ExtensibilityGlobals) = postSolution
		SolutionGuid = {7FB8D1B0-F809-4F91-8DD3-F39C72499801}
	EndGlobalSection
EndGlobal
